// !$*UTF8*$!
{
	archiveVersion = 1;
	classes = {
	};
	objectVersion = 50;
	objects = {

/* Begin PBXBuildFile section */
		793B91B923A05475000BFA7E /* GitLabFlow_DomainA.framework in Frameworks */ = {isa = PBXBuildFile; fileRef = 793B91AF23A05475000BFA7E /* GitLabFlow_DomainA.framework */; };
		793B91BE23A05475000BFA7E /* GitLabFlow_DomainATests.swift in Sources */ = {isa = PBXBuildFile; fileRef = 793B91BD23A05475000BFA7E /* GitLabFlow_DomainATests.swift */; };
		793B91C023A05475000BFA7E /* GitLabFlow_DomainA.h in Headers */ = {isa = PBXBuildFile; fileRef = 793B91B223A05475000BFA7E /* GitLabFlow_DomainA.h */; settings = {ATTRIBUTES = (Public, ); }; };
		793B91CB23A054A8000BFA7E /* Account.swift in Sources */ = {isa = PBXBuildFile; fileRef = 793B91CA23A054A8000BFA7E /* Account.swift */; };
/* End PBXBuildFile section */

/* Begin PBXContainerItemProxy section */
		793B91BA23A05475000BFA7E /* PBXContainerItemProxy */ = {
			isa = PBXContainerItemProxy;
			containerPortal = 793B91A623A05475000BFA7E /* Project object */;
			proxyType = 1;
			remoteGlobalIDString = 793B91AE23A05475000BFA7E;
			remoteInfo = "GitLabFlow-DomainA";
		};
/* End PBXContainerItemProxy section */

/* Begin PBXFileReference section */
		793B91AF23A05475000BFA7E /* GitLabFlow_DomainA.framework */ = {isa = PBXFileReference; explicitFileType = wrapper.framework; includeInIndex = 0; path = GitLabFlow_DomainA.framework; sourceTree = BUILT_PRODUCTS_DIR; };
		793B91B223A05475000BFA7E /* GitLabFlow_DomainA.h */ = {isa = PBXFileReference; lastKnownFileType = sourcecode.c.h; path = GitLabFlow_DomainA.h; sourceTree = "<group>"; };
		793B91B323A05475000BFA7E /* Info.plist */ = {isa = PBXFileReference; lastKnownFileType = text.plist.xml; path = Info.plist; sourceTree = "<group>"; };
		793B91B823A05475000BFA7E /* GitLabFlow-DomainATests.xctest */ = {isa = PBXFileReference; explicitFileType = wrapper.cfbundle; includeInIndex = 0; path = "GitLabFlow-DomainATests.xctest"; sourceTree = BUILT_PRODUCTS_DIR; };
		793B91BD23A05475000BFA7E /* GitLabFlow_DomainATests.swift */ = {isa = PBXFileReference; lastKnownFileType = sourcecode.swift; path = GitLabFlow_DomainATests.swift; sourceTree = "<group>"; };
		793B91BF23A05475000BFA7E /* Info.plist */ = {isa = PBXFileReference; lastKnownFileType = text.plist.xml; path = Info.plist; sourceTree = "<group>"; };
		793B91CA23A054A8000BFA7E /* Account.swift */ = {isa = PBXFileReference; lastKnownFileType = sourcecode.swift; path = Account.swift; sourceTree = "<group>"; };
/* End PBXFileReference section */

/* Begin PBXFrameworksBuildPhase section */
		793B91AC23A05475000BFA7E /* Frameworks */ = {
			isa = PBXFrameworksBuildPhase;
			buildActionMask = 2147483647;
			files = (
			);
			runOnlyForDeploymentPostprocessing = 0;
		};
		793B91B523A05475000BFA7E /* Frameworks */ = {
			isa = PBXFrameworksBuildPhase;
			buildActionMask = 2147483647;
			files = (
				793B91B923A05475000BFA7E /* GitLabFlow_DomainA.framework in Frameworks */,
			);
			runOnlyForDeploymentPostprocessing = 0;
		};
/* End PBXFrameworksBuildPhase section */

/* Begin PBXGroup section */
		793B91A523A05475000BFA7E = {
			isa = PBXGroup;
			children = (
				793B91B123A05475000BFA7E /* GitLabFlow-DomainA */,
				793B91BC23A05475000BFA7E /* GitLabFlow-DomainATests */,
				793B91B023A05475000BFA7E /* Products */,
			);
			sourceTree = "<group>";
		};
		793B91B023A05475000BFA7E /* Products */ = {
			isa = PBXGroup;
			children = (
				793B91AF23A05475000BFA7E /* GitLabFlow_DomainA.framework */,
				793B91B823A05475000BFA7E /* GitLabFlow-DomainATests.xctest */,
			);
			name = Products;
			sourceTree = "<group>";
		};
		793B91B123A05475000BFA7E /* GitLabFlow-DomainA */ = {
			isa = PBXGroup;
			children = (
				793B91C923A05498000BFA7E /* Models */,
				793B91B223A05475000BFA7E /* GitLabFlow_DomainA.h */,
				793B91B323A05475000BFA7E /* Info.plist */,
			);
			path = "GitLabFlow-DomainA";
			sourceTree = "<group>";
		};
		793B91BC23A05475000BFA7E /* GitLabFlow-DomainATests */ = {
			isa = PBXGroup;
			children = (
				793B91BD23A05475000BFA7E /* GitLabFlow_DomainATests.swift */,
				793B91BF23A05475000BFA7E /* Info.plist */,
			);
			path = "GitLabFlow-DomainATests";
			sourceTree = "<group>";
		};
		793B91C923A05498000BFA7E /* Models */ = {
			isa = PBXGroup;
			children = (
				793B91CA23A054A8000BFA7E /* Account.swift */,
			);
			path = Models;
			sourceTree = "<group>";
		};
/* End PBXGroup section */

/* Begin PBXHeadersBuildPhase section */
		793B91AA23A05475000BFA7E /* Headers */ = {
			isa = PBXHeadersBuildPhase;
			buildActionMask = 2147483647;
			files = (
				793B91C023A05475000BFA7E /* GitLabFlow_DomainA.h in Headers */,
			);
			runOnlyForDeploymentPostprocessing = 0;
		};
/* End PBXHeadersBuildPhase section */

/* Begin PBXNativeTarget section */
		793B91AE23A05475000BFA7E /* GitLabFlow-DomainA */ = {
			isa = PBXNativeTarget;
			buildConfigurationList = 793B91C323A05475000BFA7E /* Build configuration list for PBXNativeTarget "GitLabFlow-DomainA" */;
			buildPhases = (
				793B91AA23A05475000BFA7E /* Headers */,
				793B91AB23A05475000BFA7E /* Sources */,
				793B91AC23A05475000BFA7E /* Frameworks */,
				793B91AD23A05475000BFA7E /* Resources */,
			);
			buildRules = (
			);
			dependencies = (
			);
			name = "GitLabFlow-DomainA";
			productName = "GitLabFlow-DomainA";
			productReference = 793B91AF23A05475000BFA7E /* GitLabFlow_DomainA.framework */;
			productType = "com.apple.product-type.framework";
		};
		793B91B723A05475000BFA7E /* GitLabFlow-DomainATests */ = {
			isa = PBXNativeTarget;
			buildConfigurationList = 793B91C623A05475000BFA7E /* Build configuration list for PBXNativeTarget "GitLabFlow-DomainATests" */;
			buildPhases = (
				793B91B423A05475000BFA7E /* Sources */,
				793B91B523A05475000BFA7E /* Frameworks */,
				793B91B623A05475000BFA7E /* Resources */,
			);
			buildRules = (
			);
			dependencies = (
				793B91BB23A05475000BFA7E /* PBXTargetDependency */,
			);
			name = "GitLabFlow-DomainATests";
			productName = "GitLabFlow-DomainATests";
			productReference = 793B91B823A05475000BFA7E /* GitLabFlow-DomainATests.xctest */;
			productType = "com.apple.product-type.bundle.unit-test";
		};
/* End PBXNativeTarget section */

/* Begin PBXProject section */
		793B91A623A05475000BFA7E /* Project object */ = {
			isa = PBXProject;
			attributes = {
				LastSwiftUpdateCheck = 1010;
				LastUpgradeCheck = 1010;
				ORGANIZATIONNAME = "James Reeve";
				TargetAttributes = {
					793B91AE23A05475000BFA7E = {
						CreatedOnToolsVersion = 10.1;
						LastSwiftMigration = 1010;
					};
					793B91B723A05475000BFA7E = {
						CreatedOnToolsVersion = 10.1;
					};
				};
			};
			buildConfigurationList = 793B91A923A05475000BFA7E /* Build configuration list for PBXProject "GitLabFlow-DomainA" */;
			compatibilityVersion = "Xcode 9.3";
			developmentRegion = en;
			hasScannedForEncodings = 0;
			knownRegions = (
				en,
			);
			mainGroup = 793B91A523A05475000BFA7E;
			productRefGroup = 793B91B023A05475000BFA7E /* Products */;
			projectDirPath = "";
			projectRoot = "";
			targets = (
				793B91AE23A05475000BFA7E /* GitLabFlow-DomainA */,
				793B91B723A05475000BFA7E /* GitLabFlow-DomainATests */,
			);
		};
/* End PBXProject section */

/* Begin PBXResourcesBuildPhase section */
		793B91AD23A05475000BFA7E /* Resources */ = {
			isa = PBXResourcesBuildPhase;
			buildActionMask = 2147483647;
			files = (
			);
			runOnlyForDeploymentPostprocessing = 0;
		};
		793B91B623A05475000BFA7E /* Resources */ = {
			isa = PBXResourcesBuildPhase;
			buildActionMask = 2147483647;
			files = (
			);
			runOnlyForDeploymentPostprocessing = 0;
		};
/* End PBXResourcesBuildPhase section */

/* Begin PBXSourcesBuildPhase section */
		793B91AB23A05475000BFA7E /* Sources */ = {
			isa = PBXSourcesBuildPhase;
			buildActionMask = 2147483647;
			files = (
				793B91CB23A054A8000BFA7E /* Account.swift in Sources */,
			);
			runOnlyForDeploymentPostprocessing = 0;
		};
		793B91B423A05475000BFA7E /* Sources */ = {
			isa = PBXSourcesBuildPhase;
			buildActionMask = 2147483647;
			files = (
				793B91BE23A05475000BFA7E /* GitLabFlow_DomainATests.swift in Sources */,
			);
			runOnlyForDeploymentPostprocessing = 0;
		};
/* End PBXSourcesBuildPhase section */

/* Begin PBXTargetDependency section */
		793B91BB23A05475000BFA7E /* PBXTargetDependency */ = {
			isa = PBXTargetDependency;
			target = 793B91AE23A05475000BFA7E /* GitLabFlow-DomainA */;
			targetProxy = 793B91BA23A05475000BFA7E /* PBXContainerItemProxy */;
		};
/* End PBXTargetDependency section */

/* Begin XCBuildConfiguration section */
		793B91C123A05475000BFA7E /* Debug */ = {
			isa = XCBuildConfiguration;
			buildSettings = {
				ALWAYS_SEARCH_USER_PATHS = NO;
				CLANG_ANALYZER_NONNULL = YES;
				CLANG_ANALYZER_NUMBER_OBJECT_CONVERSION = YES_AGGRESSIVE;
				CLANG_CXX_LANGUAGE_STANDARD = "gnu++14";
				CLANG_CXX_LIBRARY = "libc++";
				CLANG_ENABLE_MODULES = YES;
				CLANG_ENABLE_OBJC_ARC = YES;
				CLANG_ENABLE_OBJC_WEAK = YES;
				CLANG_WARN_BLOCK_CAPTURE_AUTORELEASING = YES;
				CLANG_WARN_BOOL_CONVERSION = YES;
				CLANG_WARN_COMMA = YES;
				CLANG_WARN_CONSTANT_CONVERSION = YES;
				CLANG_WARN_DEPRECATED_OBJC_IMPLEMENTATIONS = YES;
				CLANG_WARN_DIRECT_OBJC_ISA_USAGE = YES_ERROR;
				CLANG_WARN_DOCUMENTATION_COMMENTS = YES;
				CLANG_WARN_EMPTY_BODY = YES;
				CLANG_WARN_ENUM_CONVERSION = YES;
				CLANG_WARN_INFINITE_RECURSION = YES;
				CLANG_WARN_INT_CONVERSION = YES;
				CLANG_WARN_NON_LITERAL_NULL_CONVERSION = YES;
				CLANG_WARN_OBJC_IMPLICIT_RETAIN_SELF = YES;
				CLANG_WARN_OBJC_LITERAL_CONVERSION = YES;
				CLANG_WARN_OBJC_ROOT_CLASS = YES_ERROR;
				CLANG_WARN_RANGE_LOOP_ANALYSIS = YES;
				CLANG_WARN_STRICT_PROTOTYPES = YES;
				CLANG_WARN_SUSPICIOUS_MOVE = YES;
				CLANG_WARN_UNGUARDED_AVAILABILITY = YES_AGGRESSIVE;
				CLANG_WARN_UNREACHABLE_CODE = YES;
				CLANG_WARN__DUPLICATE_METHOD_MATCH = YES;
				CODE_SIGN_IDENTITY = "iPhone Developer";
				COPY_PHASE_STRIP = NO;
				CURRENT_PROJECT_VERSION = 1;
				DEBUG_INFORMATION_FORMAT = dwarf;
				ENABLE_STRICT_OBJC_MSGSEND = YES;
				ENABLE_TESTABILITY = YES;
				GCC_C_LANGUAGE_STANDARD = gnu11;
				GCC_DYNAMIC_NO_PIC = NO;
				GCC_NO_COMMON_BLOCKS = YES;
				GCC_OPTIMIZATION_LEVEL = 0;
				GCC_PREPROCESSOR_DEFINITIONS = (
					"DEBUG=1",
					"$(inherited)",
				);
				GCC_WARN_64_TO_32_BIT_CONVERSION = YES;
				GCC_WARN_ABOUT_RETURN_TYPE = YES_ERROR;
				GCC_WARN_UNDECLARED_SELECTOR = YES;
				GCC_WARN_UNINITIALIZED_AUTOS = YES_AGGRESSIVE;
				GCC_WARN_UNUSED_FUNCTION = YES;
				GCC_WARN_UNUSED_VARIABLE = YES;
				IPHONEOS_DEPLOYMENT_TARGET = 12.1;
				MTL_ENABLE_DEBUG_INFO = INCLUDE_SOURCE;
				MTL_FAST_MATH = YES;
				ONLY_ACTIVE_ARCH = YES;
				SDKROOT = iphoneos;
				SWIFT_ACTIVE_COMPILATION_CONDITIONS = DEBUG;
				SWIFT_OPTIMIZATION_LEVEL = "-Onone";
				VERSIONING_SYSTEM = "apple-generic";
				VERSION_INFO_PREFIX = "";
			};
			name = Debug;
		};
		793B91C223A05475000BFA7E /* Release */ = {
			isa = XCBuildConfiguration;
			buildSettings = {
				ALWAYS_SEARCH_USER_PATHS = NO;
				CLANG_ANALYZER_NONNULL = YES;
				CLANG_ANALYZER_NUMBER_OBJECT_CONVERSION = YES_AGGRESSIVE;
				CLANG_CXX_LANGUAGE_STANDARD = "gnu++14";
				CLANG_CXX_LIBRARY = "libc++";
				CLANG_ENABLE_MODULES = YES;
				CLANG_ENABLE_OBJC_ARC = YES;
				CLANG_ENABLE_OBJC_WEAK = YES;
				CLANG_WARN_BLOCK_CAPTURE_AUTORELEASING = YES;
				CLANG_WARN_BOOL_CONVERSION = YES;
				CLANG_WARN_COMMA = YES;
				CLANG_WARN_CONSTANT_CONVERSION = YES;
				CLANG_WARN_DEPRECATED_OBJC_IMPLEMENTATIONS = YES;
				CLANG_WARN_DIRECT_OBJC_ISA_USAGE = YES_ERROR;
				CLANG_WARN_DOCUMENTATION_COMMENTS = YES;
				CLANG_WARN_EMPTY_BODY = YES;
				CLANG_WARN_ENUM_CONVERSION = YES;
				CLANG_WARN_INFINITE_RECURSION = YES;
				CLANG_WARN_INT_CONVERSION = YES;
				CLANG_WARN_NON_LITERAL_NULL_CONVERSION = YES;
				CLANG_WARN_OBJC_IMPLICIT_RETAIN_SELF = YES;
				CLANG_WARN_OBJC_LITERAL_CONVERSION = YES;
				CLANG_WARN_OBJC_ROOT_CLASS = YES_ERROR;
				CLANG_WARN_RANGE_LOOP_ANALYSIS = YES;
				CLANG_WARN_STRICT_PROTOTYPES = YES;
				CLANG_WARN_SUSPICIOUS_MOVE = YES;
				CLANG_WARN_UNGUARDED_AVAILABILITY = YES_AGGRESSIVE;
				CLANG_WARN_UNREACHABLE_CODE = YES;
				CLANG_WARN__DUPLICATE_METHOD_MATCH = YES;
				CODE_SIGN_IDENTITY = "iPhone Developer";
				COPY_PHASE_STRIP = NO;
				CURRENT_PROJECT_VERSION = 1;
				DEBUG_INFORMATION_FORMAT = "dwarf-with-dsym";
				ENABLE_NS_ASSERTIONS = NO;
				ENABLE_STRICT_OBJC_MSGSEND = YES;
				GCC_C_LANGUAGE_STANDARD = gnu11;
				GCC_NO_COMMON_BLOCKS = YES;
				GCC_WARN_64_TO_32_BIT_CONVERSION = YES;
				GCC_WARN_ABOUT_RETURN_TYPE = YES_ERROR;
				GCC_WARN_UNDECLARED_SELECTOR = YES;
				GCC_WARN_UNINITIALIZED_AUTOS = YES_AGGRESSIVE;
				GCC_WARN_UNUSED_FUNCTION = YES;
				GCC_WARN_UNUSED_VARIABLE = YES;
				IPHONEOS_DEPLOYMENT_TARGET = 12.1;
				MTL_ENABLE_DEBUG_INFO = NO;
				MTL_FAST_MATH = YES;
				SDKROOT = iphoneos;
				SWIFT_COMPILATION_MODE = wholemodule;
				SWIFT_OPTIMIZATION_LEVEL = "-O";
				VALIDATE_PRODUCT = YES;
				VERSIONING_SYSTEM = "apple-generic";
				VERSION_INFO_PREFIX = "";
			};
			name = Release;
		};
		793B91C423A05475000BFA7E /* Debug */ = {
			isa = XCBuildConfiguration;
			buildSettings = {
				CLANG_ENABLE_MODULES = YES;
				CODE_SIGN_IDENTITY = "";
				CODE_SIGN_STYLE = Automatic;
				DEFINES_MODULE = YES;
				DEVELOPMENT_TEAM = 5ND29TB5RN;
				DYLIB_COMPATIBILITY_VERSION = 1;
				DYLIB_CURRENT_VERSION = 1;
				DYLIB_INSTALL_NAME_BASE = "@rpath";
				INFOPLIST_FILE = "GitLabFlow-DomainA/Info.plist";
				INSTALL_PATH = "$(LOCAL_LIBRARY_DIR)/Frameworks";
				LD_RUNPATH_SEARCH_PATHS = (
					"$(inherited)",
					"@executable_path/Frameworks",
					"@loader_path/Frameworks",
				);
				PRODUCT_BUNDLE_IDENTIFIER = "au.com.jamesreeve.GitLabFlow-DomainA";
				PRODUCT_NAME = "$(TARGET_NAME:c99extidentifier)";
				SKIP_INSTALL = YES;
				SWIFT_OPTIMIZATION_LEVEL = "-Onone";
				SWIFT_VERSION = 4.2;
				TARGETED_DEVICE_FAMILY = "1,2";
			};
			name = Debug;
		};
		793B91C523A05475000BFA7E /* Release */ = {
			isa = XCBuildConfiguration;
			buildSettings = {
				CLANG_ENABLE_MODULES = YES;
				CODE_SIGN_IDENTITY = "";
				CODE_SIGN_STYLE = Automatic;
				DEFINES_MODULE = YES;
				DEVELOPMENT_TEAM = 5ND29TB5RN;
				DYLIB_COMPATIBILITY_VERSION = 1;
				DYLIB_CURRENT_VERSION = 1;
				DYLIB_INSTALL_NAME_BASE = "@rpath";
				INFOPLIST_FILE = "GitLabFlow-DomainA/Info.plist";
				INSTALL_PATH = "$(LOCAL_LIBRARY_DIR)/Frameworks";
				LD_RUNPATH_SEARCH_PATHS = (
					"$(inherited)",
					"@executable_path/Frameworks",
					"@loader_path/Frameworks",
				);
				PRODUCT_BUNDLE_IDENTIFIER = "au.com.jamesreeve.GitLabFlow-DomainA";
				PRODUCT_NAME = "$(TARGET_NAME:c99extidentifier)";
				SKIP_INSTALL = YES;
				SWIFT_VERSION = 4.2;
				TARGETED_DEVICE_FAMILY = "1,2";
			};
			name = Release;
		};
		793B91C723A05475000BFA7E /* Debug */ = {
			isa = XCBuildConfiguration;
			buildSettings = {
				ALWAYS_EMBED_SWIFT_STANDARD_LIBRARIES = YES;
				CODE_SIGN_STYLE = Automatic;
				DEVELOPMENT_TEAM = 5ND29TB5RN;
				INFOPLIST_FILE = "GitLabFlow-DomainATests/Info.plist";
				LD_RUNPATH_SEARCH_PATHS = (
					"$(inherited)",
					"@executable_path/Frameworks",
					"@loader_path/Frameworks",
				);
				PRODUCT_BUNDLE_IDENTIFIER = "au.com.jamesreeve.GitLabFlow-DomainATests";
				PRODUCT_NAME = "$(TARGET_NAME)";
				SWIFT_VERSION = 4.2;
				TARGETED_DEVICE_FAMILY = "1,2";
			};
			name = Debug;
		};
		793B91C823A05475000BFA7E /* Release */ = {
			isa = XCBuildConfiguration;
			buildSettings = {
				ALWAYS_EMBED_SWIFT_STANDARD_LIBRARIES = YES;
				CODE_SIGN_STYLE = Automatic;
				DEVELOPMENT_TEAM = 5ND29TB5RN;
				INFOPLIST_FILE = "GitLabFlow-DomainATests/Info.plist";
				LD_RUNPATH_SEARCH_PATHS = (
					"$(inherited)",
					"@executable_path/Frameworks",
					"@loader_path/Frameworks",
				);
				PRODUCT_BUNDLE_IDENTIFIER = "au.com.jamesreeve.GitLabFlow-DomainATests";
				PRODUCT_NAME = "$(TARGET_NAME)";
				SWIFT_VERSION = 4.2;
				TARGETED_DEVICE_FAMILY = "1,2";
			};
			name = Release;
		};
/* End XCBuildConfiguration section */

/* Begin XCConfigurationList section */
		793B91A923A05475000BFA7E /* Build configuration list for PBXProject "GitLabFlow-DomainA" */ = {
			isa = XCConfigurationList;
			buildConfigurations = (
				793B91C123A05475000BFA7E /* Debug */,
				793B91C223A05475000BFA7E /* Release */,
			);
			defaultConfigurationIsVisible = 0;
			defaultConfigurationName = Release;
		};
		793B91C323A05475000BFA7E /* Build configuration list for PBXNativeTarget "GitLabFlow-DomainA" */ = {
			isa = XCConfigurationList;
			buildConfigurations = (
				793B91C423A05475000BFA7E /* Debug */,
				793B91C523A05475000BFA7E /* Release */,
			);
			defaultConfigurationIsVisible = 0;
			defaultConfigurationName = Release;
		};
		793B91C623A05475000BFA7E /* Build configuration list for PBXNativeTarget "GitLabFlow-DomainATests" */ = {
			isa = XCConfigurationList;
			buildConfigurations = (
				793B91C723A05475000BFA7E /* Debug */,
				793B91C823A05475000BFA7E /* Release */,
			);
			defaultConfigurationIsVisible = 0;
			defaultConfigurationName = Release;
		};
/* End XCConfigurationList section */
	};
	rootObject = 793B91A623A05475000BFA7E /* Project object */;
}
